
Microsoft Visual Studio Solution File, Format Version 12.00
# Visual Studio Version 16
VisualStudioVersion = 16.0.29102.190
MinimumVisualStudioVersion = 10.0.40219.1
Project("{FAE04EC0-301F-11D3-BF4B-00C04F79EFBC}") = "8-04 questions", "8-04 questions.csproj", "{A50AB108-FB1A-4510-92EF-42D1C028A553}"
EndProject
Global
	GlobalSection(SolutionConfigurationPlatforms) = preSolution
		Debug|Any CPU = Debug|Any CPU
		Release|Any CPU = Release|Any CPU
	EndGlobalSection
	GlobalSection(ProjectConfigurationPlatforms) = postSolution
		{A50AB108-FB1A-4510-92EF-42D1C028A553}.Debug|Any CPU.ActiveCfg = Debug|Any CPU
		{A50AB108-FB1A-4510-92EF-42D1C028A553}.Debug|Any CPU.Build.0 = Debug|Any CPU
		{A50AB108-FB1A-4510-92EF-42D1C028A553}.Release|Any CPU.ActiveCfg = Release|Any CPU
		{A50AB108-FB1A-4510-92EF-42D1C028A553}.Release|Any CPU.Build.0 = Release|Any CPU
	EndGlobalSection
	GlobalSection(SolutionProperties) = preSolution
		HideSolutionNode = FALSE
	EndGlobalSection
	GlobalSection(ExtensibilityGlobals) = postSolution
		SolutionGuid = {79EA513B-2CB3-48A9-994C-03A0705EFD70}
	EndGlobalSection
EndGlobal
