
Microsoft Visual Studio Solution File, Format Version 12.00
# Visual Studio Version 16
VisualStudioVersion = 16.0.29102.190
MinimumVisualStudioVersion = 10.0.40219.1
Project("{FAE04EC0-301F-11D3-BF4B-00C04F79EFBC}") = "cssbs-ex05", "cssbs-ex05.csproj", "{0AB154D8-537A-452E-9834-051534687780}"
EndProject
Global
	GlobalSection(SolutionConfigurationPlatforms) = preSolution
		Debug|Any CPU = Debug|Any CPU
		Release|Any CPU = Release|Any CPU
	EndGlobalSection
	GlobalSection(ProjectConfigurationPlatforms) = postSolution
		{0AB154D8-537A-452E-9834-051534687780}.Debug|Any CPU.ActiveCfg = Debug|Any CPU
		{0AB154D8-537A-452E-9834-051534687780}.Debug|Any CPU.Build.0 = Debug|Any CPU
		{0AB154D8-537A-452E-9834-051534687780}.Release|Any CPU.ActiveCfg = Release|Any CPU
		{0AB154D8-537A-452E-9834-051534687780}.Release|Any CPU.Build.0 = Release|Any CPU
	EndGlobalSection
	GlobalSection(SolutionProperties) = preSolution
		HideSolutionNode = FALSE
	EndGlobalSection
	GlobalSection(ExtensibilityGlobals) = postSolution
		SolutionGuid = {41CAD6E4-DAA8-49FC-8586-65EC8CE9B808}
	EndGlobalSection
EndGlobal
