
Microsoft Visual Studio Solution File, Format Version 12.00
# Visual Studio Version 16
VisualStudioVersion = 16.0.29102.190
MinimumVisualStudioVersion = 10.0.40219.1
Project("{FAE04EC0-301F-11D3-BF4B-00C04F79EFBC}") = "cssbs-ex02", "cssbs-ex02\cssbs-ex02.csproj", "{3E96CB6A-81E8-478D-B696-D18EF358A7A7}"
EndProject
Global
	GlobalSection(SolutionConfigurationPlatforms) = preSolution
		Debug|Any CPU = Debug|Any CPU
		Release|Any CPU = Release|Any CPU
	EndGlobalSection
	GlobalSection(ProjectConfigurationPlatforms) = postSolution
		{3E96CB6A-81E8-478D-B696-D18EF358A7A7}.Debug|Any CPU.ActiveCfg = Debug|Any CPU
		{3E96CB6A-81E8-478D-B696-D18EF358A7A7}.Debug|Any CPU.Build.0 = Debug|Any CPU
		{3E96CB6A-81E8-478D-B696-D18EF358A7A7}.Release|Any CPU.ActiveCfg = Release|Any CPU
		{3E96CB6A-81E8-478D-B696-D18EF358A7A7}.Release|Any CPU.Build.0 = Release|Any CPU
	EndGlobalSection
	GlobalSection(SolutionProperties) = preSolution
		HideSolutionNode = FALSE
	EndGlobalSection
	GlobalSection(ExtensibilityGlobals) = postSolution
		SolutionGuid = {6355974D-8BFA-4AD6-95FF-D4E9ADCE99D9}
	EndGlobalSection
EndGlobal
