
Microsoft Visual Studio Solution File, Format Version 12.00
# Visual Studio Version 16
VisualStudioVersion = 16.0.29102.190
MinimumVisualStudioVersion = 10.0.40219.1
Project("{FAE04EC0-301F-11D3-BF4B-00C04F79EFBC}") = "MRCARTERSLESSON", "MRCARTERSLESSON.csproj", "{E0625012-4609-4BA7-B99A-5A6F3E5CC4A8}"
EndProject
Global
	GlobalSection(SolutionConfigurationPlatforms) = preSolution
		Debug|Any CPU = Debug|Any CPU
		Release|Any CPU = Release|Any CPU
	EndGlobalSection
	GlobalSection(ProjectConfigurationPlatforms) = postSolution
		{E0625012-4609-4BA7-B99A-5A6F3E5CC4A8}.Debug|Any CPU.ActiveCfg = Debug|Any CPU
		{E0625012-4609-4BA7-B99A-5A6F3E5CC4A8}.Debug|Any CPU.Build.0 = Debug|Any CPU
		{E0625012-4609-4BA7-B99A-5A6F3E5CC4A8}.Release|Any CPU.ActiveCfg = Release|Any CPU
		{E0625012-4609-4BA7-B99A-5A6F3E5CC4A8}.Release|Any CPU.Build.0 = Release|Any CPU
	EndGlobalSection
	GlobalSection(SolutionProperties) = preSolution
		HideSolutionNode = FALSE
	EndGlobalSection
	GlobalSection(ExtensibilityGlobals) = postSolution
		SolutionGuid = {0DCEC4A6-7980-4601-8641-E6E8A9665C57}
	EndGlobalSection
EndGlobal
